
Microsoft Visual Studio Solution File, Format Version 12.00
# Visual Studio Version 17
VisualStudioVersion = 17.5.33530.505
MinimumVisualStudioVersion = 10.0.40219.1
Project("{9A19103F-16F7-4668-BE54-9A1E7A4F7556}") = "GetBiligameToken", "GetBiligameToken\GetBiligameToken.csproj", "{17C3E30E-CBB1-4863-BA56-519B56E43EBA}"
EndProject
Global
	GlobalSection(SolutionConfigurationPlatforms) = preSolution
		Debug|Any CPU = Debug|Any CPU
		Release|Any CPU = Release|Any CPU
	EndGlobalSection
	GlobalSection(ProjectConfigurationPlatforms) = postSolution
		{17C3E30E-CBB1-4863-BA56-519B56E43EBA}.Debug|Any CPU.ActiveCfg = Debug|Any CPU
		{17C3E30E-CBB1-4863-BA56-519B56E43EBA}.Debug|Any CPU.Build.0 = Debug|Any CPU
		{17C3E30E-CBB1-4863-BA56-519B56E43EBA}.Release|Any CPU.ActiveCfg = Release|Any CPU
		{17C3E30E-CBB1-4863-BA56-519B56E43EBA}.Release|Any CPU.Build.0 = Release|Any CPU
	EndGlobalSection
	GlobalSection(SolutionProperties) = preSolution
		HideSolutionNode = FALSE
	EndGlobalSection
	GlobalSection(ExtensibilityGlobals) = postSolution
		SolutionGuid = {41DFF256-6AC9-4B20-A357-A429CFEEBB71}
	EndGlobalSection
EndGlobal
